
Microsoft Visual Studio Solution File, Format Version 12.00
# Visual Studio 2017
Project("{FAE04EC0-301F-11D3-BF4B-00C04F79EFBC}") = "IronJadeinJungleHunt.Plugins", "IronJadeinJungleHunt.Plugins.csproj", "{590418EF-0137-26B4-9CB7-1A32BCA3BCBA}"
EndProject
Project("{FAE04EC0-301F-11D3-BF4B-00C04F79EFBC}") = "IronJadeinJungleHunt.Editor.Plugins", "IronJadeinJungleHunt.Editor.Plugins.csproj", "{DF206300-C746-9EF0-7705-D70DA9E7F577}"
EndProject
Global
	GlobalSection(SolutionConfigurationPlatforms) = preSolution
		Debug|Any CPU = Debug|Any CPU
		Release|Any CPU = Release|Any CPU
	EndGlobalSection
	GlobalSection(ProjectConfigurationPlatforms) = postSolution
		{590418EF-0137-26B4-9CB7-1A32BCA3BCBA}.Debug|Any CPU.ActiveCfg = Debug|Any CPU
		{590418EF-0137-26B4-9CB7-1A32BCA3BCBA}.Debug|Any CPU.Build.0 = Debug|Any CPU
		{590418EF-0137-26B4-9CB7-1A32BCA3BCBA}.Release|Any CPU.ActiveCfg = Release|Any CPU
		{590418EF-0137-26B4-9CB7-1A32BCA3BCBA}.Release|Any CPU.Build.0 = Release|Any CPU
		{DF206300-C746-9EF0-7705-D70DA9E7F577}.Debug|Any CPU.ActiveCfg = Debug|Any CPU
		{DF206300-C746-9EF0-7705-D70DA9E7F577}.Debug|Any CPU.Build.0 = Debug|Any CPU
		{DF206300-C746-9EF0-7705-D70DA9E7F577}.Release|Any CPU.ActiveCfg = Release|Any CPU
		{DF206300-C746-9EF0-7705-D70DA9E7F577}.Release|Any CPU.Build.0 = Release|Any CPU
	EndGlobalSection
	GlobalSection(SolutionProperties) = preSolution
		HideSolutionNode = FALSE
	EndGlobalSection
EndGlobal
